PODS:
  - DCIntrospect (20120530)
  - ECSlidingViewController (0.9.0)
  - Facebook-iOS-SDK (20120725):
    - SBJson (= 2.2.3)
  - GrowingTextView (20120620)
  - KNSemiModalViewController (20120702)
  - Kiwi (20120625)
  - MAConfirmButton (20120222)
  - MBProgressHUD (0.5)
  - MPFoldTransition (20120710)
  - MTStatusBarOverlay (20120512)
  - NSCryptoAddtions (1.0.1)
  - NSString+PDRegex (20120726)
  - NanoStore (2.1.4)
  - NoticeView (20120727)
  - ODRefreshControl (20120716)
  - PrettyKit (20120712)
  - RTLabel (20120806)
  - SBJson (2.2.3)
  - SSKeychainItemWrapper (1.0.2)
  - SVWebViewController (20120601)
  - TimeScroller (201206008)

DEPENDENCIES:
  - DCIntrospect (= 20120530)
  - ECSlidingViewController (~> 0.9.0)
  - Facebook-iOS-SDK (= 20120725)
  - Facebook-iOS-SDK (= 20120725)
  - GrowingTextView (= 20120620)
  - KNSemiModalViewController (= 20120702)
  - Kiwi (= 20120625)
  - MAConfirmButton (= 20120222)
  - MBProgressHUD (~> 0.5)
  - MPFoldTransition (= 20120710)
  - MTStatusBarOverlay (= 20120512)
  - NSCryptoAddtions (from `https://github.com/susieyy/NSCryptoAddtions.git')
  - NSString+PDRegex (= 20120726)
  - NSString+PDRegex (= 20120726)
  - NanoStore (~> 2.1.4)
  - NanoStore (~> 2.1.4)
  - NoticeView (= 20120727)
  - ODRefreshControl (= 20120716)
  - PrettyKit (= 20120712)
  - RTLabel (= 20120806)
  - SSKeychainItemWrapper (from `https://github.com/susieyy/SSKeychainItemWrapper.git')
  - SVWebViewController (= 20120601)
  - TimeScroller (= 20120608)
